
Microsoft Visual Studio Solution File, Format Version 12.00
# Visual Studio Version 17
VisualStudioVersion = 17.7.34202.233
MinimumVisualStudioVersion = 10.0.40219.1
Project("{FAE04EC0-301F-11D3-BF4B-00C04F79EFBC}") = "PaymentServiceSolution", "PaymentServiceSolution\PaymentServiceSolution.csproj", "{AD3CBC23-3BCF-4AC6-A566-8985B4D82E5C}"
EndProject
Project("{FAE04EC0-301F-11D3-BF4B-00C04F79EFBC}") = "PaymentServiceSolution.Core", "PaymentServiceSolution.Core\PaymentServiceSolution.Core.csproj", "{CBC25750-D5A3-4B99-8FA7-1ED3F4A4418D}"
EndProject
Global
	GlobalSection(SolutionConfigurationPlatforms) = preSolution
		Debug|Any CPU = Debug|Any CPU
		Release|Any CPU = Release|Any CPU
	EndGlobalSection
	GlobalSection(ProjectConfigurationPlatforms) = postSolution
		{AD3CBC23-3BCF-4AC6-A566-8985B4D82E5C}.Debug|Any CPU.ActiveCfg = Debug|Any CPU
		{AD3CBC23-3BCF-4AC6-A566-8985B4D82E5C}.Debug|Any CPU.Build.0 = Debug|Any CPU
		{AD3CBC23-3BCF-4AC6-A566-8985B4D82E5C}.Release|Any CPU.ActiveCfg = Release|Any CPU
		{AD3CBC23-3BCF-4AC6-A566-8985B4D82E5C}.Release|Any CPU.Build.0 = Release|Any CPU
		{CBC25750-D5A3-4B99-8FA7-1ED3F4A4418D}.Debug|Any CPU.ActiveCfg = Debug|Any CPU
		{CBC25750-D5A3-4B99-8FA7-1ED3F4A4418D}.Debug|Any CPU.Build.0 = Debug|Any CPU
		{CBC25750-D5A3-4B99-8FA7-1ED3F4A4418D}.Release|Any CPU.ActiveCfg = Release|Any CPU
		{CBC25750-D5A3-4B99-8FA7-1ED3F4A4418D}.Release|Any CPU.Build.0 = Release|Any CPU
	EndGlobalSection
	GlobalSection(SolutionProperties) = preSolution
		HideSolutionNode = FALSE
	EndGlobalSection
	GlobalSection(ExtensibilityGlobals) = postSolution
		SolutionGuid = {93E04578-F0BE-4DBC-BF2E-253B61BB9C9D}
	EndGlobalSection
EndGlobal
